{
  "name": "quantummanagementapp",
  "version": "1.0.0",
  "lockfileVersion": 1,
  "requires": true,
  "dependencies": {
    "micromodal": {
      "version": "0.4.6",
      "resolved": "https://registry.npmjs.org/micromodal/-/micromodal-0.4.6.tgz",
      "integrity": "sha512-2VDso2a22jWPpqwuWT/4RomVpoU3Bl9qF9D01xzwlNp5UVsImeA0gY4nSpF44vqcQtQOtkiMUV9EZkAJSRxBsg=="
    }
  }
}
